
Microsoft Visual Studio Solution File, Format Version 12.00
# Visual Studio Version 16
VisualStudioVersion = 16.0.31624.102
MinimumVisualStudioVersion = 10.0.40219.1
Project("{FAE04EC0-301F-11D3-BF4B-00C04F79EFBC}") = "ApiPessoa2", "ApiPessoa2\ApiPessoa2.csproj", "{B1443796-41A9-43B5-A8BA-DB41A48D2A95}"
EndProject
Global
	GlobalSection(SolutionConfigurationPlatforms) = preSolution
		Debug|Any CPU = Debug|Any CPU
		Release|Any CPU = Release|Any CPU
	EndGlobalSection
	GlobalSection(ProjectConfigurationPlatforms) = postSolution
		{B1443796-41A9-43B5-A8BA-DB41A48D2A95}.Debug|Any CPU.ActiveCfg = Debug|Any CPU
		{B1443796-41A9-43B5-A8BA-DB41A48D2A95}.Debug|Any CPU.Build.0 = Debug|Any CPU
		{B1443796-41A9-43B5-A8BA-DB41A48D2A95}.Release|Any CPU.ActiveCfg = Release|Any CPU
		{B1443796-41A9-43B5-A8BA-DB41A48D2A95}.Release|Any CPU.Build.0 = Release|Any CPU
	EndGlobalSection
	GlobalSection(SolutionProperties) = preSolution
		HideSolutionNode = FALSE
	EndGlobalSection
	GlobalSection(ExtensibilityGlobals) = postSolution
		SolutionGuid = {7B6D704D-1047-4074-81C5-5BB506391BBA}
	EndGlobalSection
EndGlobal
